
Microsoft Visual Studio Solution File, Format Version 12.00
# Visual Studio Version 17
VisualStudioVersion = 17.8.34330.188
MinimumVisualStudioVersion = 10.0.40219.1
Project("{888888A0-9F3D-457C-B088-3A5042F75D52}") = "GuessingGame", "GuessingGame\GuessingGame.pyproj", "{2FB707BA-A58C-4275-9005-D6D3AA9C2C51}"
EndProject
Global
	GlobalSection(SolutionConfigurationPlatforms) = preSolution
		Debug|Any CPU = Debug|Any CPU
		Release|Any CPU = Release|Any CPU
	EndGlobalSection
	GlobalSection(ProjectConfigurationPlatforms) = postSolution
		{2FB707BA-A58C-4275-9005-D6D3AA9C2C51}.Debug|Any CPU.ActiveCfg = Debug|Any CPU
		{2FB707BA-A58C-4275-9005-D6D3AA9C2C51}.Release|Any CPU.ActiveCfg = Release|Any CPU
	EndGlobalSection
	GlobalSection(SolutionProperties) = preSolution
		HideSolutionNode = FALSE
	EndGlobalSection
	GlobalSection(ExtensibilityGlobals) = postSolution
		SolutionGuid = {B168B568-C1EB-4EC2-B67E-FC44004AD195}
	EndGlobalSection
EndGlobal
